// !$*UTF8*$!
{
	archiveVersion = 1;
	classes = {
	};
	objectVersion = 56;
	objects = {

/* Begin PBXBuildFile section */
		F257D39E29C4720A00A1829E /* FetchAPIResponseDemoApp.swift in Sources */ = {isa = PBXBuildFile; fileRef = F257D39D29C4720A00A1829E /* FetchAPIResponseDemoApp.swift */; };
		F257D3A029C4720A00A1829E /* ContentView.swift in Sources */ = {isa = PBXBuildFile; fileRef = F257D39F29C4720A00A1829E /* ContentView.swift */; };
		F257D3A229C4720C00A1829E /* Assets.xcassets in Resources */ = {isa = PBXBuildFile; fileRef = F257D3A129C4720C00A1829E /* Assets.xcassets */; };
		F257D3A629C4720C00A1829E /* Preview Assets.xcassets in Resources */ = {isa = PBXBuildFile; fileRef = F257D3A529C4720C00A1829E /* Preview Assets.xcassets */; };
		F257D3B029C4720C00A1829E /* FetchAPIResponseDemoTests.swift in Sources */ = {isa = PBXBuildFile; fileRef = F257D3AF29C4720C00A1829E /* FetchAPIResponseDemoTests.swift */; };
		F257D3BA29C4720C00A1829E /* FetchAPIResponseDemoUITests.swift in Sources */ = {isa = PBXBuildFile; fileRef = F257D3B929C4720C00A1829E /* FetchAPIResponseDemoUITests.swift */; };
		F257D3BC29C4720C00A1829E /* FetchAPIResponseDemoUITestsLaunchTests.swift in Sources */ = {isa = PBXBuildFile; fileRef = F257D3BB29C4720C00A1829E /* FetchAPIResponseDemoUITestsLaunchTests.swift */; };
		F257D3C929C4724700A1829E /* Model.swift in Sources */ = {isa = PBXBuildFile; fileRef = F257D3C829C4724700A1829E /* Model.swift */; };
/* End PBXBuildFile section */

/* Begin PBXContainerItemProxy section */
		F257D3AC29C4720C00A1829E /* PBXContainerItemProxy */ = {
			isa = PBXContainerItemProxy;
			containerPortal = F257D39229C4720A00A1829E /* Project object */;
			proxyType = 1;
			remoteGlobalIDString = F257D39929C4720A00A1829E;
			remoteInfo = FetchAPIResponseDemo;
		};
		F257D3B629C4720C00A1829E /* PBXContainerItemProxy */ = {
			isa = PBXContainerItemProxy;
			containerPortal = F257D39229C4720A00A1829E /* Project object */;
			proxyType = 1;
			remoteGlobalIDString = F257D39929C4720A00A1829E;
			remoteInfo = FetchAPIResponseDemo;
		};
/* End PBXContainerItemProxy section */

/* Begin PBXFileReference section */
		F257D39A29C4720A00A1829E /* FetchAPIResponseDemo.app */ = {isa = PBXFileReference; explicitFileType = wrapper.application; includeInIndex = 0; path = FetchAPIResponseDemo.app; sourceTree = BUILT_PRODUCTS_DIR; };
		F257D39D29C4720A00A1829E /* FetchAPIResponseDemoApp.swift */ = {isa = PBXFileReference; lastKnownFileType = sourcecode.swift; path = FetchAPIResponseDemoApp.swift; sourceTree = "<group>"; };
		F257D39F29C4720A00A1829E /* ContentView.swift */ = {isa = PBXFileReference; lastKnownFileType = sourcecode.swift; path = ContentView.swift; sourceTree = "<group>"; };
		F257D3A129C4720C00A1829E /* Assets.xcassets */ = {isa = PBXFileReference; lastKnownFileType = folder.assetcatalog; path = Assets.xcassets; sourceTree = "<group>"; };
		F257D3A329C4720C00A1829E /* FetchAPIResponseDemo.entitlements */ = {isa = PBXFileReference; lastKnownFileType = text.plist.entitlements; path = FetchAPIResponseDemo.entitlements; sourceTree = "<group>"; };
		F257D3A529C4720C00A1829E /* Preview Assets.xcassets */ = {isa = PBXFileReference; lastKnownFileType = folder.assetcatalog; path = "Preview Assets.xcassets"; sourceTree = "<group>"; };
		F257D3AB29C4720C00A1829E /* FetchAPIResponseDemoTests.xctest */ = {isa = PBXFileReference; explicitFileType = wrapper.cfbundle; includeInIndex = 0; path = FetchAPIResponseDemoTests.xctest; sourceTree = BUILT_PRODUCTS_DIR; };
		F257D3AF29C4720C00A1829E /* FetchAPIResponseDemoTests.swift */ = {isa = PBXFileReference; lastKnownFileType = sourcecode.swift; path = FetchAPIResponseDemoTests.swift; sourceTree = "<group>"; };
		F257D3B529C4720C00A1829E /* FetchAPIResponseDemoUITests.xctest */ = {isa = PBXFileReference; explicitFileType = wrapper.cfbundle; includeInIndex = 0; path = FetchAPIResponseDemoUITests.xctest; sourceTree = BUILT_PRODUCTS_DIR; };
		F257D3B929C4720C00A1829E /* FetchAPIResponseDemoUITests.swift */ = {isa = PBXFileReference; lastKnownFileType = sourcecode.swift; path = FetchAPIResponseDemoUITests.swift; sourceTree = "<group>"; };
		F257D3BB29C4720C00A1829E /* FetchAPIResponseDemoUITestsLaunchTests.swift */ = {isa = PBXFileReference; lastKnownFileType = sourcecode.swift; path = FetchAPIResponseDemoUITestsLaunchTests.swift; sourceTree = "<group>"; };
		F257D3C829C4724700A1829E /* Model.swift */ = {isa = PBXFileReference; lastKnownFileType = sourcecode.swift; path = Model.swift; sourceTree = "<group>"; };
/* End PBXFileReference section */

/* Begin PBXFrameworksBuildPhase section */
		F257D39729C4720A00A1829E /* Frameworks */ = {
			isa = PBXFrameworksBuildPhase;
			buildActionMask = 2147483647;
			files = (
			);
			runOnlyForDeploymentPostprocessing = 0;
		};
		F257D3A829C4720C00A1829E /* Frameworks */ = {
			isa = PBXFrameworksBuildPhase;
			buildActionMask = 2147483647;
			files = (
			);
			runOnlyForDeploymentPostprocessing = 0;
		};
		F257D3B229C4720C00A1829E /* Frameworks */ = {
			isa = PBXFrameworksBuildPhase;
			buildActionMask = 2147483647;
			files = (
			);
			runOnlyForDeploymentPostprocessing = 0;
		};
/* End PBXFrameworksBuildPhase section */

/* Begin PBXGroup section */
		F257D39129C4720A00A1829E = {
			isa = PBXGroup;
			children = (
				F257D39C29C4720A00A1829E /* FetchAPIResponseDemo */,
				F257D3AE29C4720C00A1829E /* FetchAPIResponseDemoTests */,
				F257D3B829C4720C00A1829E /* FetchAPIResponseDemoUITests */,
				F257D39B29C4720A00A1829E /* Products */,
			);
			sourceTree = "<group>";
		};
		F257D39B29C4720A00A1829E /* Products */ = {
			isa = PBXGroup;
			children = (
				F257D39A29C4720A00A1829E /* FetchAPIResponseDemo.app */,
				F257D3AB29C4720C00A1829E /* FetchAPIResponseDemoTests.xctest */,
				F257D3B529C4720C00A1829E /* FetchAPIResponseDemoUITests.xctest */,
			);
			name = Products;
			sourceTree = "<group>";
		};
		F257D39C29C4720A00A1829E /* FetchAPIResponseDemo */ = {
			isa = PBXGroup;
			children = (
				F257D39D29C4720A00A1829E /* FetchAPIResponseDemoApp.swift */,
				F257D39F29C4720A00A1829E /* ContentView.swift */,
				F257D3A129C4720C00A1829E /* Assets.xcassets */,
				F257D3A329C4720C00A1829E /* FetchAPIResponseDemo.entitlements */,
				F257D3A429C4720C00A1829E /* Preview Content */,
				F257D3C829C4724700A1829E /* Model.swift */,
			);
			path = FetchAPIResponseDemo;
			sourceTree = "<group>";
		};
		F257D3A429C4720C00A1829E /* Preview Content */ = {
			isa = PBXGroup;
			children = (
				F257D3A529C4720C00A1829E /* Preview Assets.xcassets */,
			);
			path = "Preview Content";
			sourceTree = "<group>";
		};
		F257D3AE29C4720C00A1829E /* FetchAPIResponseDemoTests */ = {
			isa = PBXGroup;
			children = (
				F257D3AF29C4720C00A1829E /* FetchAPIResponseDemoTests.swift */,
			);
			path = FetchAPIResponseDemoTests;
			sourceTree = "<group>";
		};
		F257D3B829C4720C00A1829E /* FetchAPIResponseDemoUITests */ = {
			isa = PBXGroup;
			children = (
				F257D3B929C4720C00A1829E /* FetchAPIResponseDemoUITests.swift */,
				F257D3BB29C4720C00A1829E /* FetchAPIResponseDemoUITestsLaunchTests.swift */,
			);
			path = FetchAPIResponseDemoUITests;
			sourceTree = "<group>";
		};
/* End PBXGroup section */

/* Begin PBXNativeTarget section */
		F257D39929C4720A00A1829E /* FetchAPIResponseDemo */ = {
			isa = PBXNativeTarget;
			buildConfigurationList = F257D3BF29C4720C00A1829E /* Build configuration list for PBXNativeTarget "FetchAPIResponseDemo" */;
			buildPhases = (
				F257D39629C4720A00A1829E /* Sources */,
				F257D39729C4720A00A1829E /* Frameworks */,
				F257D39829C4720A00A1829E /* Resources */,
			);
			buildRules = (
			);
			dependencies = (
			);
			name = FetchAPIResponseDemo;
			productName = FetchAPIResponseDemo;
			productReference = F257D39A29C4720A00A1829E /* FetchAPIResponseDemo.app */;
			productType = "com.apple.product-type.application";
		};
		F257D3AA29C4720C00A1829E /* FetchAPIResponseDemoTests */ = {
			isa = PBXNativeTarget;
			buildConfigurationList = F257D3C229C4720C00A1829E /* Build configuration list for PBXNativeTarget "FetchAPIResponseDemoTests" */;
			buildPhases = (
				F257D3A729C4720C00A1829E /* Sources */,
				F257D3A829C4720C00A1829E /* Frameworks */,
				F257D3A929C4720C00A1829E /* Resources */,
			);
			buildRules = (
			);
			dependencies = (
				F257D3AD29C4720C00A1829E /* PBXTargetDependency */,
			);
			name = FetchAPIResponseDemoTests;
			productName = FetchAPIResponseDemoTests;
			productReference = F257D3AB29C4720C00A1829E /* FetchAPIResponseDemoTests.xctest */;
			productType = "com.apple.product-type.bundle.unit-test";
		};
		F257D3B429C4720C00A1829E /* FetchAPIResponseDemoUITests */ = {
			isa = PBXNativeTarget;
			buildConfigurationList = F257D3C529C4720C00A1829E /* Build configuration list for PBXNativeTarget "FetchAPIResponseDemoUITests" */;
			buildPhases = (
				F257D3B129C4720C00A1829E /* Sources */,
				F257D3B229C4720C00A1829E /* Frameworks */,
				F257D3B329C4720C00A1829E /* Resources */,
			);
			buildRules = (
			);
			dependencies = (
				F257D3B729C4720C00A1829E /* PBXTargetDependency */,
			);
			name = FetchAPIResponseDemoUITests;
			productName = FetchAPIResponseDemoUITests;
			productReference = F257D3B529C4720C00A1829E /* FetchAPIResponseDemoUITests.xctest */;
			productType = "com.apple.product-type.bundle.ui-testing";
		};
/* End PBXNativeTarget section */

/* Begin PBXProject section */
		F257D39229C4720A00A1829E /* Project object */ = {
			isa = PBXProject;
			attributes = {
				BuildIndependentTargetsInParallel = 1;
				LastSwiftUpdateCheck = 1420;
				LastUpgradeCheck = 1420;
				TargetAttributes = {
					F257D39929C4720A00A1829E = {
						CreatedOnToolsVersion = 14.2;
					};
					F257D3AA29C4720C00A1829E = {
						CreatedOnToolsVersion = 14.2;
						TestTargetID = F257D39929C4720A00A1829E;
					};
					F257D3B429C4720C00A1829E = {
						CreatedOnToolsVersion = 14.2;
						TestTargetID = F257D39929C4720A00A1829E;
					};
				};
			};
			buildConfigurationList = F257D39529C4720A00A1829E /* Build configuration list for PBXProject "FetchAPIResponseDemo" */;
			compatibilityVersion = "Xcode 14.0";
			developmentRegion = en;
			hasScannedForEncodings = 0;
			knownRegions = (
				en,
				Base,
			);
			mainGroup = F257D39129C4720A00A1829E;
			productRefGroup = F257D39B29C4720A00A1829E /* Products */;
			projectDirPath = "";
			projectRoot = "";
			targets = (
				F257D39929C4720A00A1829E /* FetchAPIResponseDemo */,
				F257D3AA29C4720C00A1829E /* FetchAPIResponseDemoTests */,
				F257D3B429C4720C00A1829E /* FetchAPIResponseDemoUITests */,
			);
		};
/* End PBXProject section */

/* Begin PBXResourcesBuildPhase section */
		F257D39829C4720A00A1829E /* Resources */ = {
			isa = PBXResourcesBuildPhase;
			buildActionMask = 2147483647;
			files = (
				F257D3A629C4720C00A1829E /* Preview Assets.xcassets in Resources */,
				F257D3A229C4720C00A1829E /* Assets.xcassets in Resources */,
			);
			runOnlyForDeploymentPostprocessing = 0;
		};
		F257D3A929C4720C00A1829E /* Resources */ = {
			isa = PBXResourcesBuildPhase;
			buildActionMask = 2147483647;
			files = (
			);
			runOnlyForDeploymentPostprocessing = 0;
		};
		F257D3B329C4720C00A1829E /* Resources */ = {
			isa = PBXResourcesBuildPhase;
			buildActionMask = 2147483647;
			files = (
			);
			runOnlyForDeploymentPostprocessing = 0;
		};
/* End PBXResourcesBuildPhase section */

/* Begin PBXSourcesBuildPhase section */
		F257D39629C4720A00A1829E /* Sources */ = {
			isa = PBXSourcesBuildPhase;
			buildActionMask = 2147483647;
			files = (
				F257D3C929C4724700A1829E /* Model.swift in Sources */,
				F257D3A029C4720A00A1829E /* ContentView.swift in Sources */,
				F257D39E29C4720A00A1829E /* FetchAPIResponseDemoApp.swift in Sources */,
			);
			runOnlyForDeploymentPostprocessing = 0;
		};
		F257D3A729C4720C00A1829E /* Sources */ = {
			isa = PBXSourcesBuildPhase;
			buildActionMask = 2147483647;
			files = (
				F257D3B029C4720C00A1829E /* FetchAPIResponseDemoTests.swift in Sources */,
			);
			runOnlyForDeploymentPostprocessing = 0;
		};
		F257D3B129C4720C00A1829E /* Sources */ = {
			isa = PBXSourcesBuildPhase;
			buildActionMask = 2147483647;
			files = (
				F257D3BC29C4720C00A1829E /* FetchAPIResponseDemoUITestsLaunchTests.swift in Sources */,
				F257D3BA29C4720C00A1829E /* FetchAPIResponseDemoUITests.swift in Sources */,
			);
			runOnlyForDeploymentPostprocessing = 0;
		};
/* End PBXSourcesBuildPhase section */

/* Begin PBXTargetDependency section */
		F257D3AD29C4720C00A1829E /* PBXTargetDependency */ = {
			isa = PBXTargetDependency;
			target = F257D39929C4720A00A1829E /* FetchAPIResponseDemo */;
			targetProxy = F257D3AC29C4720C00A1829E /* PBXContainerItemProxy */;
		};
		F257D3B729C4720C00A1829E /* PBXTargetDependency */ = {
			isa = PBXTargetDependency;
			target = F257D39929C4720A00A1829E /* FetchAPIResponseDemo */;
			targetProxy = F257D3B629C4720C00A1829E /* PBXContainerItemProxy */;
		};
/* End PBXTargetDependency section */

/* Begin XCBuildConfiguration section */
		F257D3BD29C4720C00A1829E /* Debug */ = {
			isa = XCBuildConfiguration;
			buildSettings = {
				ALWAYS_SEARCH_USER_PATHS = NO;
				CLANG_ANALYZER_NONNULL = YES;
				CLANG_ANALYZER_NUMBER_OBJECT_CONVERSION = YES_AGGRESSIVE;
				CLANG_CXX_LANGUAGE_STANDARD = "gnu++20";
				CLANG_ENABLE_MODULES = YES;
				CLANG_ENABLE_OBJC_ARC = YES;
				CLANG_ENABLE_OBJC_WEAK = YES;
				CLANG_WARN_BLOCK_CAPTURE_AUTORELEASING = YES;
				CLANG_WARN_BOOL_CONVERSION = YES;
				CLANG_WARN_COMMA = YES;
				CLANG_WARN_CONSTANT_CONVERSION = YES;
				CLANG_WARN_DEPRECATED_OBJC_IMPLEMENTATIONS = YES;
				CLANG_WARN_DIRECT_OBJC_ISA_USAGE = YES_ERROR;
				CLANG_WARN_DOCUMENTATION_COMMENTS = YES;
				CLANG_WARN_EMPTY_BODY = YES;
				CLANG_WARN_ENUM_CONVERSION = YES;
				CLANG_WARN_INFINITE_RECURSION = YES;
				CLANG_WARN_INT_CONVERSION = YES;
				CLANG_WARN_NON_LITERAL_NULL_CONVERSION = YES;
				CLANG_WARN_OBJC_IMPLICIT_RETAIN_SELF = YES;
				CLANG_WARN_OBJC_LITERAL_CONVERSION = YES;
				CLANG_WARN_OBJC_ROOT_CLASS = YES_ERROR;
				CLANG_WARN_QUOTED_INCLUDE_IN_FRAMEWORK_HEADER = YES;
				CLANG_WARN_RANGE_LOOP_ANALYSIS = YES;
				CLANG_WARN_STRICT_PROTOTYPES = YES;
				CLANG_WARN_SUSPICIOUS_MOVE = YES;
				CLANG_WARN_UNGUARDED_AVAILABILITY = YES_AGGRESSIVE;
				CLANG_WARN_UNREACHABLE_CODE = YES;
				CLANG_WARN__DUPLICATE_METHOD_MATCH = YES;
				COPY_PHASE_STRIP = NO;
				DEBUG_INFORMATION_FORMAT = dwarf;
				ENABLE_STRICT_OBJC_MSGSEND = YES;
				ENABLE_TESTABILITY = YES;
				GCC_C_LANGUAGE_STANDARD = gnu11;
				GCC_DYNAMIC_NO_PIC = NO;
				GCC_NO_COMMON_BLOCKS = YES;
				GCC_OPTIMIZATION_LEVEL = 0;
				GCC_PREPROCESSOR_DEFINITIONS = (
					"DEBUG=1",
					"$(inherited)",
				);
				GCC_WARN_64_TO_32_BIT_CONVERSION = YES;
				GCC_WARN_ABOUT_RETURN_TYPE = YES_ERROR;
				GCC_WARN_UNDECLARED_SELECTOR = YES;
				GCC_WARN_UNINITIALIZED_AUTOS = YES_AGGRESSIVE;
				GCC_WARN_UNUSED_FUNCTION = YES;
				GCC_WARN_UNUSED_VARIABLE = YES;
				MTL_ENABLE_DEBUG_INFO = INCLUDE_SOURCE;
				MTL_FAST_MATH = YES;
				ONLY_ACTIVE_ARCH = YES;
				SWIFT_ACTIVE_COMPILATION_CONDITIONS = DEBUG;
				SWIFT_OPTIMIZATION_LEVEL = "-Onone";
			};
			name = Debug;
		};
		F257D3BE29C4720C00A1829E /* Release */ = {
			isa = XCBuildConfiguration;
			buildSettings = {
				ALWAYS_SEARCH_USER_PATHS = NO;
				CLANG_ANALYZER_NONNULL = YES;
				CLANG_ANALYZER_NUMBER_OBJECT_CONVERSION = YES_AGGRESSIVE;
				CLANG_CXX_LANGUAGE_STANDARD = "gnu++20";
				CLANG_ENABLE_MODULES = YES;
				CLANG_ENABLE_OBJC_ARC = YES;
				CLANG_ENABLE_OBJC_WEAK = YES;
				CLANG_WARN_BLOCK_CAPTURE_AUTORELEASING = YES;
				CLANG_WARN_BOOL_CONVERSION = YES;
				CLANG_WARN_COMMA = YES;
				CLANG_WARN_CONSTANT_CONVERSION = YES;
				CLANG_WARN_DEPRECATED_OBJC_IMPLEMENTATIONS = YES;
				CLANG_WARN_DIRECT_OBJC_ISA_USAGE = YES_ERROR;
				CLANG_WARN_DOCUMENTATION_COMMENTS = YES;
				CLANG_WARN_EMPTY_BODY = YES;
				CLANG_WARN_ENUM_CONVERSION = YES;
				CLANG_WARN_INFINITE_RECURSION = YES;
				CLANG_WARN_INT_CONVERSION = YES;
				CLANG_WARN_NON_LITERAL_NULL_CONVERSION = YES;
				CLANG_WARN_OBJC_IMPLICIT_RETAIN_SELF = YES;
				CLANG_WARN_OBJC_LITERAL_CONVERSION = YES;
				CLANG_WARN_OBJC_ROOT_CLASS = YES_ERROR;
				CLANG_WARN_QUOTED_INCLUDE_IN_FRAMEWORK_HEADER = YES;
				CLANG_WARN_RANGE_LOOP_ANALYSIS = YES;
				CLANG_WARN_STRICT_PROTOTYPES = YES;
				CLANG_WARN_SUSPICIOUS_MOVE = YES;
				CLANG_WARN_UNGUARDED_AVAILABILITY = YES_AGGRESSIVE;
				CLANG_WARN_UNREACHABLE_CODE = YES;
				CLANG_WARN__DUPLICATE_METHOD_MATCH = YES;
				COPY_PHASE_STRIP = NO;
				DEBUG_INFORMATION_FORMAT = "dwarf-with-dsym";
				ENABLE_NS_ASSERTIONS = NO;
				ENABLE_STRICT_OBJC_MSGSEND = YES;
				GCC_C_LANGUAGE_STANDARD = gnu11;
				GCC_NO_COMMON_BLOCKS = YES;
				GCC_WARN_64_TO_32_BIT_CONVERSION = YES;
				GCC_WARN_ABOUT_RETURN_TYPE = YES_ERROR;
				GCC_WARN_UNDECLARED_SELECTOR = YES;
				GCC_WARN_UNINITIALIZED_AUTOS = YES_AGGRESSIVE;
				GCC_WARN_UNUSED_FUNCTION = YES;
				GCC_WARN_UNUSED_VARIABLE = YES;
				MTL_ENABLE_DEBUG_INFO = NO;
				MTL_FAST_MATH = YES;
				SWIFT_COMPILATION_MODE = wholemodule;
				SWIFT_OPTIMIZATION_LEVEL = "-O";
			};
			name = Release;
		};
		F257D3C029C4720C00A1829E /* Debug */ = {
			isa = XCBuildConfiguration;
			buildSettings = {
				ASSETCATALOG_COMPILER_APPICON_NAME = AppIcon;
				ASSETCATALOG_COMPILER_GLOBAL_ACCENT_COLOR_NAME = AccentColor;
				CODE_SIGN_ENTITLEMENTS = FetchAPIResponseDemo/FetchAPIResponseDemo.entitlements;
				CODE_SIGN_STYLE = Automatic;
				CURRENT_PROJECT_VERSION = 1;
				DEVELOPMENT_ASSET_PATHS = "\"FetchAPIResponseDemo/Preview Content\"";
				DEVELOPMENT_TEAM = VT9QW74UCT;
				ENABLE_HARDENED_RUNTIME = YES;
				ENABLE_PREVIEWS = YES;
				GENERATE_INFOPLIST_FILE = YES;
				"INFOPLIST_KEY_UIApplicationSceneManifest_Generation[sdk=iphoneos*]" = YES;
				"INFOPLIST_KEY_UIApplicationSceneManifest_Generation[sdk=iphonesimulator*]" = YES;
				"INFOPLIST_KEY_UIApplicationSupportsIndirectInputEvents[sdk=iphoneos*]" = YES;
				"INFOPLIST_KEY_UIApplicationSupportsIndirectInputEvents[sdk=iphonesimulator*]" = YES;
				"INFOPLIST_KEY_UILaunchScreen_Generation[sdk=iphoneos*]" = YES;
				"INFOPLIST_KEY_UILaunchScreen_Generation[sdk=iphonesimulator*]" = YES;
				"INFOPLIST_KEY_UIStatusBarStyle[sdk=iphoneos*]" = UIStatusBarStyleDefault;
				"INFOPLIST_KEY_UIStatusBarStyle[sdk=iphonesimulator*]" = UIStatusBarStyleDefault;
				INFOPLIST_KEY_UISupportedInterfaceOrientations_iPad = "UIInterfaceOrientationPortrait UIInterfaceOrientationPortraitUpsideDown UIInterfaceOrientationLandscapeLeft UIInterfaceOrientationLandscapeRight";
				INFOPLIST_KEY_UISupportedInterfaceOrientations_iPhone = "UIInterfaceOrientationPortrait UIInterfaceOrientationLandscapeLeft UIInterfaceOrientationLandscapeRight";
				IPHONEOS_DEPLOYMENT_TARGET = 16.2;
				LD_RUNPATH_SEARCH_PATHS = "@executable_path/Frameworks";
				"LD_RUNPATH_SEARCH_PATHS[sdk=macosx*]" = "@executable_path/../Frameworks";
				MACOSX_DEPLOYMENT_TARGET = 13.1;
				MARKETING_VERSION = 1.0;
				PRODUCT_BUNDLE_IDENTIFIER = DevOp.FetchAPIResponseDemo;
				PRODUCT_NAME = "$(TARGET_NAME)";
				SDKROOT = auto;
				SUPPORTED_PLATFORMS = "iphoneos iphonesimulator macosx";
				SWIFT_EMIT_LOC_STRINGS = YES;
				SWIFT_VERSION = 5.0;
				TARGETED_DEVICE_FAMILY = "1,2";
			};
			name = Debug;
		};
		F257D3C129C4720C00A1829E /* Release */ = {
			isa = XCBuildConfiguration;
			buildSettings = {
				ASSETCATALOG_COMPILER_APPICON_NAME = AppIcon;
				ASSETCATALOG_COMPILER_GLOBAL_ACCENT_COLOR_NAME = AccentColor;
				CODE_SIGN_ENTITLEMENTS = FetchAPIResponseDemo/FetchAPIResponseDemo.entitlements;
				CODE_SIGN_STYLE = Automatic;
				CURRENT_PROJECT_VERSION = 1;
				DEVELOPMENT_ASSET_PATHS = "\"FetchAPIResponseDemo/Preview Content\"";
				DEVELOPMENT_TEAM = VT9QW74UCT;
				ENABLE_HARDENED_RUNTIME = YES;
				ENABLE_PREVIEWS = YES;
				GENERATE_INFOPLIST_FILE = YES;
				"INFOPLIST_KEY_UIApplicationSceneManifest_Generation[sdk=iphoneos*]" = YES;
				"INFOPLIST_KEY_UIApplicationSceneManifest_Generation[sdk=iphonesimulator*]" = YES;
				"INFOPLIST_KEY_UIApplicationSupportsIndirectInputEvents[sdk=iphoneos*]" = YES;
				"INFOPLIST_KEY_UIApplicationSupportsIndirectInputEvents[sdk=iphonesimulator*]" = YES;
				"INFOPLIST_KEY_UILaunchScreen_Generation[sdk=iphoneos*]" = YES;
				"INFOPLIST_KEY_UILaunchScreen_Generation[sdk=iphonesimulator*]" = YES;
				"INFOPLIST_KEY_UIStatusBarStyle[sdk=iphoneos*]" = UIStatusBarStyleDefault;
				"INFOPLIST_KEY_UIStatusBarStyle[sdk=iphonesimulator*]" = UIStatusBarStyleDefault;
				INFOPLIST_KEY_UISupportedInterfaceOrientations_iPad = "UIInterfaceOrientationPortrait UIInterfaceOrientationPortraitUpsideDown UIInterfaceOrientationLandscapeLeft UIInterfaceOrientationLandscapeRight";
				INFOPLIST_KEY_UISupportedInterfaceOrientations_iPhone = "UIInterfaceOrientationPortrait UIInterfaceOrientationLandscapeLeft UIInterfaceOrientationLandscapeRight";
				IPHONEOS_DEPLOYMENT_TARGET = 16.2;
				LD_RUNPATH_SEARCH_PATHS = "@executable_path/Frameworks";
				"LD_RUNPATH_SEARCH_PATHS[sdk=macosx*]" = "@executable_path/../Frameworks";
				MACOSX_DEPLOYMENT_TARGET = 13.1;
				MARKETING_VERSION = 1.0;
				PRODUCT_BUNDLE_IDENTIFIER = DevOp.FetchAPIResponseDemo;
				PRODUCT_NAME = "$(TARGET_NAME)";
				SDKROOT = auto;
				SUPPORTED_PLATFORMS = "iphoneos iphonesimulator macosx";
				SWIFT_EMIT_LOC_STRINGS = YES;
				SWIFT_VERSION = 5.0;
				TARGETED_DEVICE_FAMILY = "1,2";
			};
			name = Release;
		};
		F257D3C329C4720C00A1829E /* Debug */ = {
			isa = XCBuildConfiguration;
			buildSettings = {
				ALWAYS_EMBED_SWIFT_STANDARD_LIBRARIES = YES;
				BUNDLE_LOADER = "$(TEST_HOST)";
				CODE_SIGN_STYLE = Automatic;
				CURRENT_PROJECT_VERSION = 1;
				DEVELOPMENT_TEAM = VT9QW74UCT;
				GENERATE_INFOPLIST_FILE = YES;
				IPHONEOS_DEPLOYMENT_TARGET = 16.2;
				MACOSX_DEPLOYMENT_TARGET = 13.1;
				MARKETING_VERSION = 1.0;
				PRODUCT_BUNDLE_IDENTIFIER = DevOp.FetchAPIResponseDemoTests;
				PRODUCT_NAME = "$(TARGET_NAME)";
				SDKROOT = auto;
				SUPPORTED_PLATFORMS = "iphoneos iphonesimulator macosx";
				SWIFT_EMIT_LOC_STRINGS = NO;
				SWIFT_VERSION = 5.0;
				TARGETED_DEVICE_FAMILY = "1,2";
				TEST_HOST = "$(BUILT_PRODUCTS_DIR)/FetchAPIResponseDemo.app/$(BUNDLE_EXECUTABLE_FOLDER_PATH)/FetchAPIResponseDemo";
			};
			name = Debug;
		};
		F257D3C429C4720C00A1829E /* Release */ = {
			isa = XCBuildConfiguration;
			buildSettings = {
				ALWAYS_EMBED_SWIFT_STANDARD_LIBRARIES = YES;
				BUNDLE_LOADER = "$(TEST_HOST)";
				CODE_SIGN_STYLE = Automatic;
				CURRENT_PROJECT_VERSION = 1;
				DEVELOPMENT_TEAM = VT9QW74UCT;
				GENERATE_INFOPLIST_FILE = YES;
				IPHONEOS_DEPLOYMENT_TARGET = 16.2;
				MACOSX_DEPLOYMENT_TARGET = 13.1;
				MARKETING_VERSION = 1.0;
				PRODUCT_BUNDLE_IDENTIFIER = DevOp.FetchAPIResponseDemoTests;
				PRODUCT_NAME = "$(TARGET_NAME)";
				SDKROOT = auto;
				SUPPORTED_PLATFORMS = "iphoneos iphonesimulator macosx";
				SWIFT_EMIT_LOC_STRINGS = NO;
				SWIFT_VERSION = 5.0;
				TARGETED_DEVICE_FAMILY = "1,2";
				TEST_HOST = "$(BUILT_PRODUCTS_DIR)/FetchAPIResponseDemo.app/$(BUNDLE_EXECUTABLE_FOLDER_PATH)/FetchAPIResponseDemo";
			};
			name = Release;
		};
		F257D3C629C4720C00A1829E /* Debug */ = {
			isa = XCBuildConfiguration;
			buildSettings = {
				ALWAYS_EMBED_SWIFT_STANDARD_LIBRARIES = YES;
				CODE_SIGN_STYLE = Automatic;
				CURRENT_PROJECT_VERSION = 1;
				DEVELOPMENT_TEAM = VT9QW74UCT;
				GENERATE_INFOPLIST_FILE = YES;
				IPHONEOS_DEPLOYMENT_TARGET = 16.2;
				MACOSX_DEPLOYMENT_TARGET = 13.1;
				MARKETING_VERSION = 1.0;
				PRODUCT_BUNDLE_IDENTIFIER = DevOp.FetchAPIResponseDemoUITests;
				PRODUCT_NAME = "$(TARGET_NAME)";
				SDKROOT = auto;
				SUPPORTED_PLATFORMS = "iphoneos iphonesimulator macosx";
				SWIFT_EMIT_LOC_STRINGS = NO;
				SWIFT_VERSION = 5.0;
				TARGETED_DEVICE_FAMILY = "1,2";
				TEST_TARGET_NAME = FetchAPIResponseDemo;
			};
			name = Debug;
		};
		F257D3C729C4720C00A1829E /* Release */ = {
			isa = XCBuildConfiguration;
			buildSettings = {
				ALWAYS_EMBED_SWIFT_STANDARD_LIBRARIES = YES;
				CODE_SIGN_STYLE = Automatic;
				CURRENT_PROJECT_VERSION = 1;
				DEVELOPMENT_TEAM = VT9QW74UCT;
				GENERATE_INFOPLIST_FILE = YES;
				IPHONEOS_DEPLOYMENT_TARGET = 16.2;
				MACOSX_DEPLOYMENT_TARGET = 13.1;
				MARKETING_VERSION = 1.0;
				PRODUCT_BUNDLE_IDENTIFIER = DevOp.FetchAPIResponseDemoUITests;
				PRODUCT_NAME = "$(TARGET_NAME)";
				SDKROOT = auto;
				SUPPORTED_PLATFORMS = "iphoneos iphonesimulator macosx";
				SWIFT_EMIT_LOC_STRINGS = NO;
				SWIFT_VERSION = 5.0;
				TARGETED_DEVICE_FAMILY = "1,2";
				TEST_TARGET_NAME = FetchAPIResponseDemo;
			};
			name = Release;
		};
/* End XCBuildConfiguration section */

/* Begin XCConfigurationList section */
		F257D39529C4720A00A1829E /* Build configuration list for PBXProject "FetchAPIResponseDemo" */ = {
			isa = XCConfigurationList;
			buildConfigurations = (
				F257D3BD29C4720C00A1829E /* Debug */,
				F257D3BE29C4720C00A1829E /* Release */,
			);
			defaultConfigurationIsVisible = 0;
			defaultConfigurationName = Release;
		};
		F257D3BF29C4720C00A1829E /* Build configuration list for PBXNativeTarget "FetchAPIResponseDemo" */ = {
			isa = XCConfigurationList;
			buildConfigurations = (
				F257D3C029C4720C00A1829E /* Debug */,
				F257D3C129C4720C00A1829E /* Release */,
			);
			defaultConfigurationIsVisible = 0;
			defaultConfigurationName = Release;
		};
		F257D3C229C4720C00A1829E /* Build configuration list for PBXNativeTarget "FetchAPIResponseDemoTests" */ = {
			isa = XCConfigurationList;
			buildConfigurations = (
				F257D3C329C4720C00A1829E /* Debug */,
				F257D3C429C4720C00A1829E /* Release */,
			);
			defaultConfigurationIsVisible = 0;
			defaultConfigurationName = Release;
		};
		F257D3C529C4720C00A1829E /* Build configuration list for PBXNativeTarget "FetchAPIResponseDemoUITests" */ = {
			isa = XCConfigurationList;
			buildConfigurations = (
				F257D3C629C4720C00A1829E /* Debug */,
				F257D3C729C4720C00A1829E /* Release */,
			);
			defaultConfigurationIsVisible = 0;
			defaultConfigurationName = Release;
		};
/* End XCConfigurationList section */
	};
	rootObject = F257D39229C4720A00A1829E /* Project object */;
}
